PODS:
  - Masonry (1.1.0)
  - SDWebImage (5.15.4):
    - SDWebImage/Core (= 5.15.4)
  - SDWebImage/Core (5.15.4)
  - SVProgressHUD (2.2.5)
  - Toast (4.0.0)

DEPENDENCIES:
  - Masonry
  - SDWebImage
  - SVProgressHUD
  - Toast

SPEC REPOS:
  https://github.com/CocoaPods/Specs.git:
    - Masonry
    - SDWebImage
    - SVProgressHUD
    - Toast

SPEC CHECKSUMS:
  Masonry: 678fab65091a9290e40e2832a55e7ab731aad201
  SDWebImage: 1c39de67663e5eebb2f41324d5d580eeea12dd4c
  SVProgressHUD: 1428aafac632c1f86f62aa4243ec12008d7a51d6
  Toast: 91b396c56ee72a5790816f40d3a94dd357abc196

PODFILE CHECKSUM: 900e50bd76b679083e328b549a8bb0b50df6d6d2

COCOAPODS: 1.11.3
